
Microsoft Visual Studio Solution File, Format Version 12.00
# Visual Studio 2012
Project("{8BC9CEB8-8B4A-11D0-8D11-00A0C91BC942}") = "ASIO_SERVER", "ASIO_SERVER.vcxproj", "{CA5206A8-1173-4E2F-A50E-D2CBFC59BAD2}"
EndProject
Project("{8BC9CEB8-8B4A-11D0-8D11-00A0C91BC942}") = "MFC_UI", "MFC_UI.vcxproj", "{6EF61103-E2EE-4C6B-93D4-0CBAC5A7FC61}"
EndProject
Global
	GlobalSection(SolutionConfigurationPlatforms) = preSolution
		Debug|Win32 = Debug|Win32
		Debug|x64 = Debug|x64
		Release|Win32 = Release|Win32
		Release|x64 = Release|x64
	EndGlobalSection
	GlobalSection(ProjectConfigurationPlatforms) = postSolution
		{CA5206A8-1173-4E2F-A50E-D2CBFC59BAD2}.Debug|Win32.ActiveCfg = Debug|Win32
		{CA5206A8-1173-4E2F-A50E-D2CBFC59BAD2}.Debug|Win32.Build.0 = Debug|Win32
		{CA5206A8-1173-4E2F-A50E-D2CBFC59BAD2}.Debug|x64.ActiveCfg = Debug|x64
		{CA5206A8-1173-4E2F-A50E-D2CBFC59BAD2}.Debug|x64.Build.0 = Debug|x64
		{CA5206A8-1173-4E2F-A50E-D2CBFC59BAD2}.Release|Win32.ActiveCfg = Release|Win32
		{CA5206A8-1173-4E2F-A50E-D2CBFC59BAD2}.Release|Win32.Build.0 = Release|Win32
		{CA5206A8-1173-4E2F-A50E-D2CBFC59BAD2}.Release|x64.ActiveCfg = Release|x64
		{CA5206A8-1173-4E2F-A50E-D2CBFC59BAD2}.Release|x64.Build.0 = Release|x64
		{6EF61103-E2EE-4C6B-93D4-0CBAC5A7FC61}.Debug|Win32.ActiveCfg = Debug|Win32
		{6EF61103-E2EE-4C6B-93D4-0CBAC5A7FC61}.Debug|Win32.Build.0 = Debug|Win32
		{6EF61103-E2EE-4C6B-93D4-0CBAC5A7FC61}.Debug|x64.ActiveCfg = Debug|x64
		{6EF61103-E2EE-4C6B-93D4-0CBAC5A7FC61}.Debug|x64.Build.0 = Debug|x64
		{6EF61103-E2EE-4C6B-93D4-0CBAC5A7FC61}.Release|Win32.ActiveCfg = Release|Win32
		{6EF61103-E2EE-4C6B-93D4-0CBAC5A7FC61}.Release|Win32.Build.0 = Release|Win32
		{6EF61103-E2EE-4C6B-93D4-0CBAC5A7FC61}.Release|x64.ActiveCfg = Release|x64
		{6EF61103-E2EE-4C6B-93D4-0CBAC5A7FC61}.Release|x64.Build.0 = Release|x64
	EndGlobalSection
	GlobalSection(SolutionProperties) = preSolution
		HideSolutionNode = FALSE
	EndGlobalSection
EndGlobal
